github.com/ottoyd/SayHello v0.0.0-20220914044729-28aa7166afa4 h1:ME0Cqa/Gl4fOCMThTeaA7ZG3sXKMZtt8aIa1fdv4hCw=
github.com/ottoyd/SayHello v0.0.0-20220914044729-28aa7166afa4/go.mod h1:gYxq7tohoH1ODOLGkNYmjxbcb6ViWUl4JNDLxVlGtLU=
github.com/ottoyd/SayHello v1.5.0 h1:5WYnWRaspb54U2FdEFNs9vRvaJewIFuDocWWLJVEulU=
github.com/ottoyd/SayHello v1.5.0/go.mod h1:gYxq7tohoH1ODOLGkNYmjxbcb6ViWUl4JNDLxVlGtLU=
github.com/ottoyd/SayHello v1.7.0 h1:fgkbsA6rTEnYUjFiiAAgePkMXtIEG3xPI9BVM8FAWbo=
github.com/ottoyd/SayHello v1.7.0/go.mod h1:gYxq7tohoH1ODOLGkNYmjxbcb6ViWUl4JNDLxVlGtLU=
